
Microsoft Visual Studio Solution File, Format Version 12.00
# Visual Studio Version 16
VisualStudioVersion = 16.0.30114.105
MinimumVisualStudioVersion = 10.0.40219.1
Project("{FAE04EC0-301F-11D3-BF4B-00C04F79EFBC}") = "Pr-InformationSystem", "Pr-InformationSystem\Pr-InformationSystem.csproj", "{6CF3F93B-DD61-459C-A843-98DC8001C480}"
EndProject
Global
	GlobalSection(SolutionConfigurationPlatforms) = preSolution
		Debug|Any CPU = Debug|Any CPU
		Release|Any CPU = Release|Any CPU
	EndGlobalSection
	GlobalSection(ProjectConfigurationPlatforms) = postSolution
		{6CF3F93B-DD61-459C-A843-98DC8001C480}.Debug|Any CPU.ActiveCfg = Debug|Any CPU
		{6CF3F93B-DD61-459C-A843-98DC8001C480}.Debug|Any CPU.Build.0 = Debug|Any CPU
		{6CF3F93B-DD61-459C-A843-98DC8001C480}.Release|Any CPU.ActiveCfg = Release|Any CPU
		{6CF3F93B-DD61-459C-A843-98DC8001C480}.Release|Any CPU.Build.0 = Release|Any CPU
	EndGlobalSection
	GlobalSection(SolutionProperties) = preSolution
		HideSolutionNode = FALSE
	EndGlobalSection
	GlobalSection(ExtensibilityGlobals) = postSolution
		SolutionGuid = {47FA863B-1545-4E2F-82B0-402637C4645E}
	EndGlobalSection
EndGlobal
